// !$*UTF8*$!
{
	archiveVersion = 1;
	classes = {
	};
	objectVersion = 51;
	objects = {

/* Begin PBXBuildFile section */
		631DFB6F2698467D003A6615 /* NewsModel.xcdatamodeld in Sources */ = {isa = PBXBuildFile; fileRef = 631DFB6D2698467D003A6615 /* NewsModel.xcdatamodeld */; };
		631DFB7A26984759003A6615 /* VNExpressModel+CoreDataProperties.swift in Sources */ = {isa = PBXBuildFile; fileRef = 631DFB7826984759003A6615 /* VNExpressModel+CoreDataProperties.swift */; };
		631DFB7B26984759003A6615 /* VNExpressModel+CoreDataClass.swift in Sources */ = {isa = PBXBuildFile; fileRef = 631DFB7926984759003A6615 /* VNExpressModel+CoreDataClass.swift */; };
		6350278D2696A874002BBBD9 /* CategoryCollectionViewCell.swift in Sources */ = {isa = PBXBuildFile; fileRef = 6350278B2696A874002BBBD9 /* CategoryCollectionViewCell.swift */; };
		6350278E2696A874002BBBD9 /* CategoryCollectionViewCell.xib in Resources */ = {isa = PBXBuildFile; fileRef = 6350278C2696A874002BBBD9 /* CategoryCollectionViewCell.xib */; };
		635462322695991C0084385C /* AppDelegate.swift in Sources */ = {isa = PBXBuildFile; fileRef = 635462312695991C0084385C /* AppDelegate.swift */; };
		635462342695991C0084385C /* SceneDelegate.swift in Sources */ = {isa = PBXBuildFile; fileRef = 635462332695991C0084385C /* SceneDelegate.swift */; };
		635462362695991C0084385C /* MainController.swift in Sources */ = {isa = PBXBuildFile; fileRef = 635462352695991C0084385C /* MainController.swift */; };
		6354623B2695991D0084385C /* Assets.xcassets in Resources */ = {isa = PBXBuildFile; fileRef = 6354623A2695991D0084385C /* Assets.xcassets */; };
		63546260269599B30084385C /* Main.storyboard in Resources */ = {isa = PBXBuildFile; fileRef = 6354625E269599B30084385C /* Main.storyboard */; };
		635518B32695A12D000A0D1B /* VNExpressAPIService.swift in Sources */ = {isa = PBXBuildFile; fileRef = 63FD120D26959A9A003FCFDD /* VNExpressAPIService.swift */; };
		635518B42695A131000A0D1B /* ImageService.swift in Sources */ = {isa = PBXBuildFile; fileRef = 63FD120C26959A99003FCFDD /* ImageService.swift */; };
		635518B52695A139000A0D1B /* ControllerExtension.swift in Sources */ = {isa = PBXBuildFile; fileRef = 6354626F26959A360084385C /* ControllerExtension.swift */; };
		635518B62695A13B000A0D1B /* StringExtension.swift in Sources */ = {isa = PBXBuildFile; fileRef = 6354627026959A360084385C /* StringExtension.swift */; };
		635518B72695A13D000A0D1B /* UIExtension.swift in Sources */ = {isa = PBXBuildFile; fileRef = 6354627126959A360084385C /* UIExtension.swift */; };
		635518B82695A148000A0D1B /* CategoryCell.swift in Sources */ = {isa = PBXBuildFile; fileRef = 6354626C26959A220084385C /* CategoryCell.swift */; };
		635518B92695A14D000A0D1B /* NewsCell.swift in Sources */ = {isa = PBXBuildFile; fileRef = 6354626926959A1B0084385C /* NewsCell.swift */; };
		635518BA2695A153000A0D1B /* VNExpressRSS.swift in Sources */ = {isa = PBXBuildFile; fileRef = 6354626E26959A2C0084385C /* VNExpressRSS.swift */; };
		635518BB2695A155000A0D1B /* VNExpressXMLModel.swift in Sources */ = {isa = PBXBuildFile; fileRef = 6354626D26959A2C0084385C /* VNExpressXMLModel.swift */; };
		635518C02695A211000A0D1B /* LaunchScreen.storyboard in Resources */ = {isa = PBXBuildFile; fileRef = 635518BE2695A1EB000A0D1B /* LaunchScreen.storyboard */; };
		635518C22695A2C9000A0D1B /* CategoryCell.xib in Resources */ = {isa = PBXBuildFile; fileRef = 6354626B26959A210084385C /* CategoryCell.xib */; };
		635518C32695A2CD000A0D1B /* NewsCell.xib in Resources */ = {isa = PBXBuildFile; fileRef = 6354626A26959A1B0084385C /* NewsCell.xib */; };
		6360A500269C2148004BE23B /* BookmarkViewController.swift in Sources */ = {isa = PBXBuildFile; fileRef = 6360A4FF269C2148004BE23B /* BookmarkViewController.swift */; };
		6360A502269C2659004BE23B /* VNExpressCoreDataService.swift in Sources */ = {isa = PBXBuildFile; fileRef = 6360A501269C2659004BE23B /* VNExpressCoreDataService.swift */; };
		A41520D4535A52B6589B298A /* Pods_LNT_News.framework in Frameworks */ = {isa = PBXBuildFile; fileRef = F4EDE12D2190A37D5500468C /* Pods_LNT_News.framework */; };
/* End PBXBuildFile section */

/* Begin PBXFileReference section */
		60D85D650DDF0E4730E8CCFC /* Pods-LNT News.debug.xcconfig */ = {isa = PBXFileReference; includeInIndex = 1; lastKnownFileType = text.xcconfig; name = "Pods-LNT News.debug.xcconfig"; path = "Target Support Files/Pods-LNT News/Pods-LNT News.debug.xcconfig"; sourceTree = "<group>"; };
		631DFB6E2698467D003A6615 /* NewsModel.xcdatamodel */ = {isa = PBXFileReference; lastKnownFileType = wrapper.xcdatamodel; path = NewsModel.xcdatamodel; sourceTree = "<group>"; };
		631DFB7826984759003A6615 /* VNExpressModel+CoreDataProperties.swift */ = {isa = PBXFileReference; fileEncoding = 4; lastKnownFileType = sourcecode.swift; path = "VNExpressModel+CoreDataProperties.swift"; sourceTree = "<group>"; };
		631DFB7926984759003A6615 /* VNExpressModel+CoreDataClass.swift */ = {isa = PBXFileReference; fileEncoding = 4; lastKnownFileType = sourcecode.swift; path = "VNExpressModel+CoreDataClass.swift"; sourceTree = "<group>"; };
		6350278B2696A874002BBBD9 /* CategoryCollectionViewCell.swift */ = {isa = PBXFileReference; lastKnownFileType = sourcecode.swift; path = CategoryCollectionViewCell.swift; sourceTree = "<group>"; };
		6350278C2696A874002BBBD9 /* CategoryCollectionViewCell.xib */ = {isa = PBXFileReference; lastKnownFileType = file.xib; path = CategoryCollectionViewCell.xib; sourceTree = "<group>"; };
		6354622E2695991C0084385C /* LNT News.app */ = {isa = PBXFileReference; explicitFileType = wrapper.application; includeInIndex = 0; path = "LNT News.app"; sourceTree = BUILT_PRODUCTS_DIR; };
		635462312695991C0084385C /* AppDelegate.swift */ = {isa = PBXFileReference; lastKnownFileType = sourcecode.swift; path = AppDelegate.swift; sourceTree = "<group>"; };
		635462332695991C0084385C /* SceneDelegate.swift */ = {isa = PBXFileReference; lastKnownFileType = sourcecode.swift; path = SceneDelegate.swift; sourceTree = "<group>"; };
		635462352695991C0084385C /* MainController.swift */ = {isa = PBXFileReference; lastKnownFileType = sourcecode.swift; path = MainController.swift; sourceTree = "<group>"; };
		6354623A2695991D0084385C /* Assets.xcassets */ = {isa = PBXFileReference; lastKnownFileType = folder.assetcatalog; path = Assets.xcassets; sourceTree = "<group>"; };
		6354623F2695991D0084385C /* Info.plist */ = {isa = PBXFileReference; lastKnownFileType = text.plist.xml; path = Info.plist; sourceTree = "<group>"; };
		6354625F269599B30084385C /* Base */ = {isa = PBXFileReference; lastKnownFileType = file.storyboard; name = Base; path = "../../../.Trash/LNT News/LNT News/View/Base.lproj/Main.storyboard"; sourceTree = "<group>"; };
		6354626926959A1B0084385C /* NewsCell.swift */ = {isa = PBXFileReference; lastKnownFileType = sourcecode.swift; path = NewsCell.swift; sourceTree = "<group>"; };
		6354626A26959A1B0084385C /* NewsCell.xib */ = {isa = PBXFileReference; lastKnownFileType = file.xib; path = NewsCell.xib; sourceTree = "<group>"; };
		6354626B26959A210084385C /* CategoryCell.xib */ = {isa = PBXFileReference; lastKnownFileType = file.xib; path = CategoryCell.xib; sourceTree = "<group>"; };
		6354626C26959A220084385C /* CategoryCell.swift */ = {isa = PBXFileReference; lastKnownFileType = sourcecode.swift; path = CategoryCell.swift; sourceTree = "<group>"; };
		6354626D26959A2C0084385C /* VNExpressXMLModel.swift */ = {isa = PBXFileReference; lastKnownFileType = sourcecode.swift; path = VNExpressXMLModel.swift; sourceTree = "<group>"; };
		6354626E26959A2C0084385C /* VNExpressRSS.swift */ = {isa = PBXFileReference; lastKnownFileType = sourcecode.swift; path = VNExpressRSS.swift; sourceTree = "<group>"; };
		6354626F26959A360084385C /* ControllerExtension.swift */ = {isa = PBXFileReference; lastKnownFileType = sourcecode.swift; path = ControllerExtension.swift; sourceTree = "<group>"; };
		6354627026959A360084385C /* StringExtension.swift */ = {isa = PBXFileReference; lastKnownFileType = sourcecode.swift; path = StringExtension.swift; sourceTree = "<group>"; };
		6354627126959A360084385C /* UIExtension.swift */ = {isa = PBXFileReference; lastKnownFileType = sourcecode.swift; path = UIExtension.swift; sourceTree = "<group>"; };
		635518BE2695A1EB000A0D1B /* LaunchScreen.storyboard */ = {isa = PBXFileReference; lastKnownFileType = file.storyboard; path = LaunchScreen.storyboard; sourceTree = "<group>"; };
		6360A4FF269C2148004BE23B /* BookmarkViewController.swift */ = {isa = PBXFileReference; lastKnownFileType = sourcecode.swift; path = BookmarkViewController.swift; sourceTree = "<group>"; };
		6360A501269C2659004BE23B /* VNExpressCoreDataService.swift */ = {isa = PBXFileReference; lastKnownFileType = sourcecode.swift; path = VNExpressCoreDataService.swift; sourceTree = "<group>"; };
		63FD120C26959A99003FCFDD /* ImageService.swift */ = {isa = PBXFileReference; lastKnownFileType = sourcecode.swift; path = ImageService.swift; sourceTree = "<group>"; };
		63FD120D26959A9A003FCFDD /* VNExpressAPIService.swift */ = {isa = PBXFileReference; lastKnownFileType = sourcecode.swift; path = VNExpressAPIService.swift; sourceTree = "<group>"; };
		D4B55051776441B817B9EFB7 /* Pods-LNT News.release.xcconfig */ = {isa = PBXFileReference; includeInIndex = 1; lastKnownFileType = text.xcconfig; name = "Pods-LNT News.release.xcconfig"; path = "Target Support Files/Pods-LNT News/Pods-LNT News.release.xcconfig"; sourceTree = "<group>"; };
		F4EDE12D2190A37D5500468C /* Pods_LNT_News.framework */ = {isa = PBXFileReference; explicitFileType = wrapper.framework; includeInIndex = 0; path = Pods_LNT_News.framework; sourceTree = BUILT_PRODUCTS_DIR; };
/* End PBXFileReference section */

/* Begin PBXFrameworksBuildPhase section */
		6354622B2695991C0084385C /* Frameworks */ = {
			isa = PBXFrameworksBuildPhase;
			buildActionMask = 2147483647;
			files = (
				A41520D4535A52B6589B298A /* Pods_LNT_News.framework in Frameworks */,
			);
			runOnlyForDeploymentPostprocessing = 0;
		};
/* End PBXFrameworksBuildPhase section */

/* Begin PBXGroup section */
		217A3C53884B8F2487456166 /* Frameworks */ = {
			isa = PBXGroup;
			children = (
				F4EDE12D2190A37D5500468C /* Pods_LNT_News.framework */,
			);
			name = Frameworks;
			sourceTree = "<group>";
		};
		6350278A2696A854002BBBD9 /* CategoryCollectionViewCell */ = {
			isa = PBXGroup;
			children = (
				6350278B2696A874002BBBD9 /* CategoryCollectionViewCell.swift */,
				6350278C2696A874002BBBD9 /* CategoryCollectionViewCell.xib */,
			);
			path = CategoryCollectionViewCell;
			sourceTree = "<group>";
		};
		635462252695991C0084385C = {
			isa = PBXGroup;
			children = (
				635462302695991C0084385C /* LNT News */,
				6354622F2695991C0084385C /* Products */,
				949B22F6223FF7297CD0E458 /* Pods */,
				217A3C53884B8F2487456166 /* Frameworks */,
			);
			sourceTree = "<group>";
		};
		6354622F2695991C0084385C /* Products */ = {
			isa = PBXGroup;
			children = (
				6354622E2695991C0084385C /* LNT News.app */,
			);
			name = Products;
			sourceTree = "<group>";
		};
		635462302695991C0084385C /* LNT News */ = {
			isa = PBXGroup;
			children = (
				63546265269599F60084385C /* Delegate */,
				63546264269599F10084385C /* Extension */,
				63546263269599EC0084385C /* Service */,
				63546262269599E70084385C /* Controller */,
				63546261269599E10084385C /* View */,
				63546247269599690084385C /* Model */,
				635518BE2695A1EB000A0D1B /* LaunchScreen.storyboard */,
				6354623A2695991D0084385C /* Assets.xcassets */,
				6354623F2695991D0084385C /* Info.plist */,
			);
			path = "LNT News";
			sourceTree = "<group>";
		};
		63546247269599690084385C /* Model */ = {
			isa = PBXGroup;
			children = (
				63CD40CD26983D9400D314AB /* VNExpressModel */,
				6354626E26959A2C0084385C /* VNExpressRSS.swift */,
				6354626D26959A2C0084385C /* VNExpressXMLModel.swift */,
			);
			path = Model;
			sourceTree = "<group>";
		};
		63546261269599E10084385C /* View */ = {
			isa = PBXGroup;
			children = (
				6350278A2696A854002BBBD9 /* CategoryCollectionViewCell */,
				6354625E269599B30084385C /* Main.storyboard */,
				6354626826959A130084385C /* CategoryCell */,
				6354626726959A0C0084385C /* NewsCell */,
			);
			path = View;
			sourceTree = "<group>";
		};
		63546262269599E70084385C /* Controller */ = {
			isa = PBXGroup;
			children = (
				635462352695991C0084385C /* MainController.swift */,
				6360A4FF269C2148004BE23B /* BookmarkViewController.swift */,
			);
			path = Controller;
			sourceTree = "<group>";
		};
		63546263269599EC0084385C /* Service */ = {
			isa = PBXGroup;
			children = (
				63FD120C26959A99003FCFDD /* ImageService.swift */,
				63FD120D26959A9A003FCFDD /* VNExpressAPIService.swift */,
				6360A501269C2659004BE23B /* VNExpressCoreDataService.swift */,
			);
			path = Service;
			sourceTree = "<group>";
		};
		63546264269599F10084385C /* Extension */ = {
			isa = PBXGroup;
			children = (
				6354626F26959A360084385C /* ControllerExtension.swift */,
				6354627026959A360084385C /* StringExtension.swift */,
				6354627126959A360084385C /* UIExtension.swift */,
			);
			path = Extension;
			sourceTree = "<group>";
		};
		63546265269599F60084385C /* Delegate */ = {
			isa = PBXGroup;
			children = (
				635462312695991C0084385C /* AppDelegate.swift */,
				635462332695991C0084385C /* SceneDelegate.swift */,
			);
			path = Delegate;
			sourceTree = "<group>";
		};
		6354626726959A0C0084385C /* NewsCell */ = {
			isa = PBXGroup;
			children = (
				6354626926959A1B0084385C /* NewsCell.swift */,
				6354626A26959A1B0084385C /* NewsCell.xib */,
			);
			path = NewsCell;
			sourceTree = "<group>";
		};
		6354626826959A130084385C /* CategoryCell */ = {
			isa = PBXGroup;
			children = (
				6354626C26959A220084385C /* CategoryCell.swift */,
				6354626B26959A210084385C /* CategoryCell.xib */,
			);
			path = CategoryCell;
			sourceTree = "<group>";
		};
		63CD40CD26983D9400D314AB /* VNExpressModel */ = {
			isa = PBXGroup;
			children = (
				631DFB7926984759003A6615 /* VNExpressModel+CoreDataClass.swift */,
				631DFB7826984759003A6615 /* VNExpressModel+CoreDataProperties.swift */,
				631DFB6D2698467D003A6615 /* NewsModel.xcdatamodeld */,
			);
			path = VNExpressModel;
			sourceTree = "<group>";
		};
		949B22F6223FF7297CD0E458 /* Pods */ = {
			isa = PBXGroup;
			children = (
				60D85D650DDF0E4730E8CCFC /* Pods-LNT News.debug.xcconfig */,
				D4B55051776441B817B9EFB7 /* Pods-LNT News.release.xcconfig */,
			);
			path = Pods;
			sourceTree = "<group>";
		};
/* End PBXGroup section */

/* Begin PBXNativeTarget section */
		6354622D2695991C0084385C /* LNT News */ = {
			isa = PBXNativeTarget;
			buildConfigurationList = 635462422695991D0084385C /* Build configuration list for PBXNativeTarget "LNT News" */;
			buildPhases = (
				A357A10720F38449B4F480ED /* [CP] Check Pods Manifest.lock */,
				6354622A2695991C0084385C /* Sources */,
				6354622B2695991C0084385C /* Frameworks */,
				6354622C2695991C0084385C /* Resources */,
				8585B0D420CF7C7721CF0E71 /* [CP] Embed Pods Frameworks */,
			);
			buildRules = (
			);
			dependencies = (
			);
			name = "LNT News";
			productName = "LNT News";
			productReference = 6354622E2695991C0084385C /* LNT News.app */;
			productType = "com.apple.product-type.application";
		};
/* End PBXNativeTarget section */

/* Begin PBXProject section */
		635462262695991C0084385C /* Project object */ = {
			isa = PBXProject;
			attributes = {
				LastSwiftUpdateCheck = 1250;
				LastUpgradeCheck = 1250;
				TargetAttributes = {
					6354622D2695991C0084385C = {
						CreatedOnToolsVersion = 12.5.1;
					};
				};
			};
			buildConfigurationList = 635462292695991C0084385C /* Build configuration list for PBXProject "LNT News" */;
			compatibilityVersion = "Xcode 9.3";
			developmentRegion = en;
			hasScannedForEncodings = 0;
			knownRegions = (
				en,
				Base,
			);
			mainGroup = 635462252695991C0084385C;
			productRefGroup = 6354622F2695991C0084385C /* Products */;
			projectDirPath = "";
			projectRoot = "";
			targets = (
				6354622D2695991C0084385C /* LNT News */,
			);
		};
/* End PBXProject section */

/* Begin PBXResourcesBuildPhase section */
		6354622C2695991C0084385C /* Resources */ = {
			isa = PBXResourcesBuildPhase;
			buildActionMask = 2147483647;
			files = (
				635518C02695A211000A0D1B /* LaunchScreen.storyboard in Resources */,
				6354623B2695991D0084385C /* Assets.xcassets in Resources */,
				6350278E2696A874002BBBD9 /* CategoryCollectionViewCell.xib in Resources */,
				635518C32695A2CD000A0D1B /* NewsCell.xib in Resources */,
				63546260269599B30084385C /* Main.storyboard in Resources */,
				635518C22695A2C9000A0D1B /* CategoryCell.xib in Resources */,
			);
			runOnlyForDeploymentPostprocessing = 0;
		};
/* End PBXResourcesBuildPhase section */

/* Begin PBXShellScriptBuildPhase section */
		8585B0D420CF7C7721CF0E71 /* [CP] Embed Pods Frameworks */ = {
			isa = PBXShellScriptBuildPhase;
			buildActionMask = 2147483647;
			files = (
			);
			inputFileListPaths = (
				"${PODS_ROOT}/Target Support Files/Pods-LNT News/Pods-LNT News-frameworks-${CONFIGURATION}-input-files.xcfilelist",
			);
			name = "[CP] Embed Pods Frameworks";
			outputFileListPaths = (
				"${PODS_ROOT}/Target Support Files/Pods-LNT News/Pods-LNT News-frameworks-${CONFIGURATION}-output-files.xcfilelist",
			);
			runOnlyForDeploymentPostprocessing = 0;
			shellPath = /bin/sh;
			shellScript = "\"${PODS_ROOT}/Target Support Files/Pods-LNT News/Pods-LNT News-frameworks.sh\"\n";
			showEnvVarsInLog = 0;
		};
		A357A10720F38449B4F480ED /* [CP] Check Pods Manifest.lock */ = {
			isa = PBXShellScriptBuildPhase;
			buildActionMask = 2147483647;
			files = (
			);
			inputFileListPaths = (
			);
			inputPaths = (
				"${PODS_PODFILE_DIR_PATH}/Podfile.lock",
				"${PODS_ROOT}/Manifest.lock",
			);
			name = "[CP] Check Pods Manifest.lock";
			outputFileListPaths = (
			);
			outputPaths = (
				"$(DERIVED_FILE_DIR)/Pods-LNT News-checkManifestLockResult.txt",
			);
			runOnlyForDeploymentPostprocessing = 0;
			shellPath = /bin/sh;
			shellScript = "diff \"${PODS_PODFILE_DIR_PATH}/Podfile.lock\" \"${PODS_ROOT}/Manifest.lock\" > /dev/null\nif [ $? != 0 ] ; then\n    # print error to STDERR\n    echo \"error: The sandbox is not in sync with the Podfile.lock. Run 'pod install' or update your CocoaPods installation.\" >&2\n    exit 1\nfi\n# This output is used by Xcode 'outputs' to avoid re-running this script phase.\necho \"SUCCESS\" > \"${SCRIPT_OUTPUT_FILE_0}\"\n";
			showEnvVarsInLog = 0;
		};
/* End PBXShellScriptBuildPhase section */

/* Begin PBXSourcesBuildPhase section */
		6354622A2695991C0084385C /* Sources */ = {
			isa = PBXSourcesBuildPhase;
			buildActionMask = 2147483647;
			files = (
				631DFB7B26984759003A6615 /* VNExpressModel+CoreDataClass.swift in Sources */,
				635518B32695A12D000A0D1B /* VNExpressAPIService.swift in Sources */,
				635518B62695A13B000A0D1B /* StringExtension.swift in Sources */,
				635518BB2695A155000A0D1B /* VNExpressXMLModel.swift in Sources */,
				631DFB7A26984759003A6615 /* VNExpressModel+CoreDataProperties.swift in Sources */,
				635518BA2695A153000A0D1B /* VNExpressRSS.swift in Sources */,
				635518B52695A139000A0D1B /* ControllerExtension.swift in Sources */,
				635462362695991C0084385C /* MainController.swift in Sources */,
				635518B92695A14D000A0D1B /* NewsCell.swift in Sources */,
				635462322695991C0084385C /* AppDelegate.swift in Sources */,
				631DFB6F2698467D003A6615 /* NewsModel.xcdatamodeld in Sources */,
				6350278D2696A874002BBBD9 /* CategoryCollectionViewCell.swift in Sources */,
				635518B82695A148000A0D1B /* CategoryCell.swift in Sources */,
				635518B42695A131000A0D1B /* ImageService.swift in Sources */,
				6360A500269C2148004BE23B /* BookmarkViewController.swift in Sources */,
				635462342695991C0084385C /* SceneDelegate.swift in Sources */,
				635518B72695A13D000A0D1B /* UIExtension.swift in Sources */,
				6360A502269C2659004BE23B /* VNExpressCoreDataService.swift in Sources */,
			);
			runOnlyForDeploymentPostprocessing = 0;
		};
/* End PBXSourcesBuildPhase section */

/* Begin PBXVariantGroup section */
		6354625E269599B30084385C /* Main.storyboard */ = {
			isa = PBXVariantGroup;
			children = (
				6354625F269599B30084385C /* Base */,
			);
			name = Main.storyboard;
			sourceTree = "<group>";
		};
/* End PBXVariantGroup section */

/* Begin XCBuildConfiguration section */
		635462402695991D0084385C /* Debug */ = {
			isa = XCBuildConfiguration;
			buildSettings = {
				ALWAYS_SEARCH_USER_PATHS = NO;
				CLANG_ANALYZER_NONNULL = YES;
				CLANG_ANALYZER_NUMBER_OBJECT_CONVERSION = YES_AGGRESSIVE;
				CLANG_CXX_LANGUAGE_STANDARD = "gnu++14";
				CLANG_CXX_LIBRARY = "libc++";
				CLANG_ENABLE_MODULES = YES;
				CLANG_ENABLE_OBJC_ARC = YES;
				CLANG_ENABLE_OBJC_WEAK = YES;
				CLANG_WARN_BLOCK_CAPTURE_AUTORELEASING = YES;
				CLANG_WARN_BOOL_CONVERSION = YES;
				CLANG_WARN_COMMA = YES;
				CLANG_WARN_CONSTANT_CONVERSION = YES;
				CLANG_WARN_DEPRECATED_OBJC_IMPLEMENTATIONS = YES;
				CLANG_WARN_DIRECT_OBJC_ISA_USAGE = YES_ERROR;
				CLANG_WARN_DOCUMENTATION_COMMENTS = YES;
				CLANG_WARN_EMPTY_BODY = YES;
				CLANG_WARN_ENUM_CONVERSION = YES;
				CLANG_WARN_INFINITE_RECURSION = YES;
				CLANG_WARN_INT_CONVERSION = YES;
				CLANG_WARN_NON_LITERAL_NULL_CONVERSION = YES;
				CLANG_WARN_OBJC_IMPLICIT_RETAIN_SELF = YES;
				CLANG_WARN_OBJC_LITERAL_CONVERSION = YES;
				CLANG_WARN_OBJC_ROOT_CLASS = YES_ERROR;
				CLANG_WARN_QUOTED_INCLUDE_IN_FRAMEWORK_HEADER = YES;
				CLANG_WARN_RANGE_LOOP_ANALYSIS = YES;
				CLANG_WARN_STRICT_PROTOTYPES = YES;
				CLANG_WARN_SUSPICIOUS_MOVE = YES;
				CLANG_WARN_UNGUARDED_AVAILABILITY = YES_AGGRESSIVE;
				CLANG_WARN_UNREACHABLE_CODE = YES;
				CLANG_WARN__DUPLICATE_METHOD_MATCH = YES;
				COPY_PHASE_STRIP = NO;
				DEBUG_INFORMATION_FORMAT = dwarf;
				ENABLE_STRICT_OBJC_MSGSEND = YES;
				ENABLE_TESTABILITY = YES;
				GCC_C_LANGUAGE_STANDARD = gnu11;
				GCC_DYNAMIC_NO_PIC = NO;
				GCC_NO_COMMON_BLOCKS = YES;
				GCC_OPTIMIZATION_LEVEL = 0;
				GCC_PREPROCESSOR_DEFINITIONS = (
					"DEBUG=1",
					"$(inherited)",
				);
				GCC_WARN_64_TO_32_BIT_CONVERSION = YES;
				GCC_WARN_ABOUT_RETURN_TYPE = YES_ERROR;
				GCC_WARN_UNDECLARED_SELECTOR = YES;
				GCC_WARN_UNINITIALIZED_AUTOS = YES_AGGRESSIVE;
				GCC_WARN_UNUSED_FUNCTION = YES;
				GCC_WARN_UNUSED_VARIABLE = YES;
				IPHONEOS_DEPLOYMENT_TARGET = 14.5;
				MTL_ENABLE_DEBUG_INFO = INCLUDE_SOURCE;
				MTL_FAST_MATH = YES;
				ONLY_ACTIVE_ARCH = YES;
				SDKROOT = iphoneos;
				SWIFT_ACTIVE_COMPILATION_CONDITIONS = DEBUG;
				SWIFT_OPTIMIZATION_LEVEL = "-Onone";
			};
			name = Debug;
		};
		635462412695991D0084385C /* Release */ = {
			isa = XCBuildConfiguration;
			buildSettings = {
				ALWAYS_SEARCH_USER_PATHS = NO;
				CLANG_ANALYZER_NONNULL = YES;
				CLANG_ANALYZER_NUMBER_OBJECT_CONVERSION = YES_AGGRESSIVE;
				CLANG_CXX_LANGUAGE_STANDARD = "gnu++14";
				CLANG_CXX_LIBRARY = "libc++";
				CLANG_ENABLE_MODULES = YES;
				CLANG_ENABLE_OBJC_ARC = YES;
				CLANG_ENABLE_OBJC_WEAK = YES;
				CLANG_WARN_BLOCK_CAPTURE_AUTORELEASING = YES;
				CLANG_WARN_BOOL_CONVERSION = YES;
				CLANG_WARN_COMMA = YES;
				CLANG_WARN_CONSTANT_CONVERSION = YES;
				CLANG_WARN_DEPRECATED_OBJC_IMPLEMENTATIONS = YES;
				CLANG_WARN_DIRECT_OBJC_ISA_USAGE = YES_ERROR;
				CLANG_WARN_DOCUMENTATION_COMMENTS = YES;
				CLANG_WARN_EMPTY_BODY = YES;
				CLANG_WARN_ENUM_CONVERSION = YES;
				CLANG_WARN_INFINITE_RECURSION = YES;
				CLANG_WARN_INT_CONVERSION = YES;
				CLANG_WARN_NON_LITERAL_NULL_CONVERSION = YES;
				CLANG_WARN_OBJC_IMPLICIT_RETAIN_SELF = YES;
				CLANG_WARN_OBJC_LITERAL_CONVERSION = YES;
				CLANG_WARN_OBJC_ROOT_CLASS = YES_ERROR;
				CLANG_WARN_QUOTED_INCLUDE_IN_FRAMEWORK_HEADER = YES;
				CLANG_WARN_RANGE_LOOP_ANALYSIS = YES;
				CLANG_WARN_STRICT_PROTOTYPES = YES;
				CLANG_WARN_SUSPICIOUS_MOVE = YES;
				CLANG_WARN_UNGUARDED_AVAILABILITY = YES_AGGRESSIVE;
				CLANG_WARN_UNREACHABLE_CODE = YES;
				CLANG_WARN__DUPLICATE_METHOD_MATCH = YES;
				COPY_PHASE_STRIP = NO;
				DEBUG_INFORMATION_FORMAT = "dwarf-with-dsym";
				ENABLE_NS_ASSERTIONS = NO;
				ENABLE_STRICT_OBJC_MSGSEND = YES;
				GCC_C_LANGUAGE_STANDARD = gnu11;
				GCC_NO_COMMON_BLOCKS = YES;
				GCC_WARN_64_TO_32_BIT_CONVERSION = YES;
				GCC_WARN_ABOUT_RETURN_TYPE = YES_ERROR;
				GCC_WARN_UNDECLARED_SELECTOR = YES;
				GCC_WARN_UNINITIALIZED_AUTOS = YES_AGGRESSIVE;
				GCC_WARN_UNUSED_FUNCTION = YES;
				GCC_WARN_UNUSED_VARIABLE = YES;
				IPHONEOS_DEPLOYMENT_TARGET = 14.5;
				MTL_ENABLE_DEBUG_INFO = NO;
				MTL_FAST_MATH = YES;
				SDKROOT = iphoneos;
				SWIFT_COMPILATION_MODE = wholemodule;
				SWIFT_OPTIMIZATION_LEVEL = "-O";
				VALIDATE_PRODUCT = YES;
			};
			name = Release;
		};
		635462432695991D0084385C /* Debug */ = {
			isa = XCBuildConfiguration;
			baseConfigurationReference = 60D85D650DDF0E4730E8CCFC /* Pods-LNT News.debug.xcconfig */;
			buildSettings = {
				ASSETCATALOG_COMPILER_APPICON_NAME = AppIcon;
				ASSETCATALOG_COMPILER_GLOBAL_ACCENT_COLOR_NAME = AccentColor;
				CODE_SIGN_STYLE = Automatic;
				DEVELOPMENT_TEAM = 5J3U89Q793;
				INFOPLIST_FILE = "LNT News/Info.plist";
				IPHONEOS_DEPLOYMENT_TARGET = 13.0;
				LD_RUNPATH_SEARCH_PATHS = (
					"$(inherited)",
					"@executable_path/Frameworks",
				);
				PRODUCT_BUNDLE_IDENTIFIER = "thuyetln.LNT-News";
				PRODUCT_NAME = "$(TARGET_NAME)";
				SWIFT_VERSION = 5.0;
				TARGETED_DEVICE_FAMILY = "1,2";
			};
			name = Debug;
		};
		635462442695991D0084385C /* Release */ = {
			isa = XCBuildConfiguration;
			baseConfigurationReference = D4B55051776441B817B9EFB7 /* Pods-LNT News.release.xcconfig */;
			buildSettings = {
				ASSETCATALOG_COMPILER_APPICON_NAME = AppIcon;
				ASSETCATALOG_COMPILER_GLOBAL_ACCENT_COLOR_NAME = AccentColor;
				CODE_SIGN_STYLE = Automatic;
				DEVELOPMENT_TEAM = 5J3U89Q793;
				INFOPLIST_FILE = "LNT News/Info.plist";
				IPHONEOS_DEPLOYMENT_TARGET = 13.0;
				LD_RUNPATH_SEARCH_PATHS = (
					"$(inherited)",
					"@executable_path/Frameworks",
				);
				PRODUCT_BUNDLE_IDENTIFIER = "thuyetln.LNT-News";
				PRODUCT_NAME = "$(TARGET_NAME)";
				SWIFT_VERSION = 5.0;
				TARGETED_DEVICE_FAMILY = "1,2";
			};
			name = Release;
		};
/* End XCBuildConfiguration section */

/* Begin XCConfigurationList section */
		635462292695991C0084385C /* Build configuration list for PBXProject "LNT News" */ = {
			isa = XCConfigurationList;
			buildConfigurations = (
				635462402695991D0084385C /* Debug */,
				635462412695991D0084385C /* Release */,
			);
			defaultConfigurationIsVisible = 0;
			defaultConfigurationName = Release;
		};
		635462422695991D0084385C /* Build configuration list for PBXNativeTarget "LNT News" */ = {
			isa = XCConfigurationList;
			buildConfigurations = (
				635462432695991D0084385C /* Debug */,
				635462442695991D0084385C /* Release */,
			);
			defaultConfigurationIsVisible = 0;
			defaultConfigurationName = Release;
		};
/* End XCConfigurationList section */

/* Begin XCVersionGroup section */
		631DFB6D2698467D003A6615 /* NewsModel.xcdatamodeld */ = {
			isa = XCVersionGroup;
			children = (
				631DFB6E2698467D003A6615 /* NewsModel.xcdatamodel */,
			);
			currentVersion = 631DFB6E2698467D003A6615 /* NewsModel.xcdatamodel */;
			name = NewsModel.xcdatamodeld;
			path = ../../NewsModel.xcdatamodeld;
			sourceTree = "<group>";
			versionGroupType = wrapper.xcdatamodel;
		};
/* End XCVersionGroup section */
	};
	rootObject = 635462262695991C0084385C /* Project object */;
}
